
Microsoft Visual Studio Solution File, Format Version 12.00
# Visual Studio Version 16
VisualStudioVersion = 25.0.1703.4
MinimumVisualStudioVersion = 10.0.40219.1
Project("{FAE04EC0-301F-11D3-BF4B-00C04F79EFBC}") = "IGBot", "IGBot\IGBot.csproj", "{511B6F06-F099-4095-846F-35A8B64129AA}"
EndProject
Global
	GlobalSection(SolutionConfigurationPlatforms) = preSolution
		Debug|Any CPU = Debug|Any CPU
		Release|Any CPU = Release|Any CPU
	EndGlobalSection
	GlobalSection(ProjectConfigurationPlatforms) = postSolution
		{511B6F06-F099-4095-846F-35A8B64129AA}.Debug|Any CPU.ActiveCfg = Debug|Any CPU
		{511B6F06-F099-4095-846F-35A8B64129AA}.Debug|Any CPU.Build.0 = Debug|Any CPU
		{511B6F06-F099-4095-846F-35A8B64129AA}.Release|Any CPU.ActiveCfg = Release|Any CPU
		{511B6F06-F099-4095-846F-35A8B64129AA}.Release|Any CPU.Build.0 = Release|Any CPU
	EndGlobalSection
	GlobalSection(SolutionProperties) = preSolution
		HideSolutionNode = FALSE
	EndGlobalSection
	GlobalSection(ExtensibilityGlobals) = postSolution
		SolutionGuid = {7E51B8D5-9A93-4DFB-A4A8-22D0700FB358}
	EndGlobalSection
EndGlobal
